
Microsoft Visual Studio Solution File, Format Version 11.00
# Visual Studio 2010
Project("{F2A71F9B-5D33-465A-A702-920D77279786}") = "RecordLinkage", "RecordLinkage\RecordLinkage.fsproj", "{6E9823F3-0D94-478F-9186-EFC5FD316DA0}"
EndProject
Project("{F2A71F9B-5D33-465A-A702-920D77279786}") = "RecordLinkage.Tests", "RecordLinkage.Tests\RecordLinkage.Tests.fsproj", "{E16F0409-94A0-47D5-9A1D-236182D672A6}"
EndProject
Project("{2150E333-8FDC-42A3-9474-1A3956D46DE8}") = ".nuget", ".nuget", "{89317F75-7DDD-4FC7-BF22-531A40B90715}"
	ProjectSection(SolutionItems) = preProject
		.nuget\NuGet.Config = .nuget\NuGet.Config
		.nuget\nuget.exe = .nuget\nuget.exe
		.nuget\NuGet.targets = .nuget\NuGet.targets
	EndProjectSection
EndProject
Global
	GlobalSection(SolutionConfigurationPlatforms) = preSolution
		Debug|Any CPU = Debug|Any CPU
		Release|Any CPU = Release|Any CPU
	EndGlobalSection
	GlobalSection(ProjectConfigurationPlatforms) = postSolution
		{6E9823F3-0D94-478F-9186-EFC5FD316DA0}.Debug|Any CPU.ActiveCfg = Debug|Any CPU
		{6E9823F3-0D94-478F-9186-EFC5FD316DA0}.Debug|Any CPU.Build.0 = Debug|Any CPU
		{6E9823F3-0D94-478F-9186-EFC5FD316DA0}.Release|Any CPU.ActiveCfg = Release|Any CPU
		{6E9823F3-0D94-478F-9186-EFC5FD316DA0}.Release|Any CPU.Build.0 = Release|Any CPU
		{E16F0409-94A0-47D5-9A1D-236182D672A6}.Debug|Any CPU.ActiveCfg = Debug|Any CPU
		{E16F0409-94A0-47D5-9A1D-236182D672A6}.Debug|Any CPU.Build.0 = Debug|Any CPU
		{E16F0409-94A0-47D5-9A1D-236182D672A6}.Release|Any CPU.ActiveCfg = Release|Any CPU
		{E16F0409-94A0-47D5-9A1D-236182D672A6}.Release|Any CPU.Build.0 = Release|Any CPU
	EndGlobalSection
	GlobalSection(SolutionProperties) = preSolution
		HideSolutionNode = FALSE
	EndGlobalSection
EndGlobal
